
Microsoft Visual Studio Solution File, Format Version 12.00
# Visual Studio 15
Project("{FAE04EC0-301F-11D3-BF4B-00C04F79EFBC}") = "reporting-api-exercise", "reporting-api-exercise.csproj", "{16946EB3-A7F4-4DFD-82BB-971C451E1A09}"
EndProject
Global
	GlobalSection(SolutionConfigurationPlatforms) = preSolution
		Debug|Any CPU = Debug|Any CPU
		Release|Any CPU = Release|Any CPU
	EndGlobalSection
	GlobalSection(ProjectConfigurationPlatforms) = postSolution
		{16946EB3-A7F4-4DFD-82BB-971C451E1A09}.Debug|Any CPU.ActiveCfg = Debug|Any CPU
		{16946EB3-A7F4-4DFD-82BB-971C451E1A09}.Debug|Any CPU.Build.0 = Debug|Any CPU
		{16946EB3-A7F4-4DFD-82BB-971C451E1A09}.Release|Any CPU.ActiveCfg = Release|Any CPU
		{16946EB3-A7F4-4DFD-82BB-971C451E1A09}.Release|Any CPU.Build.0 = Release|Any CPU
	EndGlobalSection
EndGlobal
